// !$*UTF8*$!
{
	archiveVersion = 1;
	classes = {
	};
	objectVersion = 50;
	objects = {

/* Begin PBXBuildFile section */
		8A3857132514520F0094A3D3 /* H4X0R_News_XC12App.swift in Sources */ = {isa = PBXBuildFile; fileRef = 8A3857122514520F0094A3D3 /* H4X0R_News_XC12App.swift */; };
		8A3857152514520F0094A3D3 /* ContentView.swift in Sources */ = {isa = PBXBuildFile; fileRef = 8A3857142514520F0094A3D3 /* ContentView.swift */; };
		8A385717251452110094A3D3 /* Assets.xcassets in Resources */ = {isa = PBXBuildFile; fileRef = 8A385716251452110094A3D3 /* Assets.xcassets */; };
		8A38571A251452110094A3D3 /* Preview Assets.xcassets in Resources */ = {isa = PBXBuildFile; fileRef = 8A385719251452110094A3D3 /* Preview Assets.xcassets */; };
		8A385726251452BF0094A3D3 /* WebView.swift in Sources */ = {isa = PBXBuildFile; fileRef = 8A385724251452BF0094A3D3 /* WebView.swift */; };
		8A385727251452BF0094A3D3 /* DetailView.swift in Sources */ = {isa = PBXBuildFile; fileRef = 8A385725251452BF0094A3D3 /* DetailView.swift */; };
		8A38572C251452EC0094A3D3 /* PostData.swift in Sources */ = {isa = PBXBuildFile; fileRef = 8A38572A251452EC0094A3D3 /* PostData.swift */; };
		8A38572D251452EC0094A3D3 /* NetworkManager.swift in Sources */ = {isa = PBXBuildFile; fileRef = 8A38572B251452EC0094A3D3 /* NetworkManager.swift */; };
/* End PBXBuildFile section */

/* Begin PBXFileReference section */
		8A38570F2514520F0094A3D3 /* H4X0R News XC12.app */ = {isa = PBXFileReference; explicitFileType = wrapper.application; includeInIndex = 0; path = "H4X0R News XC12.app"; sourceTree = BUILT_PRODUCTS_DIR; };
		8A3857122514520F0094A3D3 /* H4X0R_News_XC12App.swift */ = {isa = PBXFileReference; lastKnownFileType = sourcecode.swift; path = H4X0R_News_XC12App.swift; sourceTree = "<group>"; };
		8A3857142514520F0094A3D3 /* ContentView.swift */ = {isa = PBXFileReference; lastKnownFileType = sourcecode.swift; path = ContentView.swift; sourceTree = "<group>"; };
		8A385716251452110094A3D3 /* Assets.xcassets */ = {isa = PBXFileReference; lastKnownFileType = folder.assetcatalog; path = Assets.xcassets; sourceTree = "<group>"; };
		8A385719251452110094A3D3 /* Preview Assets.xcassets */ = {isa = PBXFileReference; lastKnownFileType = folder.assetcatalog; path = "Preview Assets.xcassets"; sourceTree = "<group>"; };
		8A38571B251452110094A3D3 /* Info.plist */ = {isa = PBXFileReference; lastKnownFileType = text.plist.xml; path = Info.plist; sourceTree = "<group>"; };
		8A385724251452BF0094A3D3 /* WebView.swift */ = {isa = PBXFileReference; fileEncoding = 4; lastKnownFileType = sourcecode.swift; path = WebView.swift; sourceTree = "<group>"; };
		8A385725251452BF0094A3D3 /* DetailView.swift */ = {isa = PBXFileReference; fileEncoding = 4; lastKnownFileType = sourcecode.swift; path = DetailView.swift; sourceTree = "<group>"; };
		8A38572A251452EC0094A3D3 /* PostData.swift */ = {isa = PBXFileReference; fileEncoding = 4; lastKnownFileType = sourcecode.swift; path = PostData.swift; sourceTree = "<group>"; };
		8A38572B251452EC0094A3D3 /* NetworkManager.swift */ = {isa = PBXFileReference; fileEncoding = 4; lastKnownFileType = sourcecode.swift; path = NetworkManager.swift; sourceTree = "<group>"; };
/* End PBXFileReference section */

/* Begin PBXFrameworksBuildPhase section */
		8A38570C2514520F0094A3D3 /* Frameworks */ = {
			isa = PBXFrameworksBuildPhase;
			buildActionMask = 2147483647;
			files = (
			);
			runOnlyForDeploymentPostprocessing = 0;
		};
/* End PBXFrameworksBuildPhase section */

/* Begin PBXGroup section */
		8A3857062514520F0094A3D3 = {
			isa = PBXGroup;
			children = (
				8A3857112514520F0094A3D3 /* H4X0R News XC12 */,
				8A3857102514520F0094A3D3 /* Products */,
			);
			sourceTree = "<group>";
		};
		8A3857102514520F0094A3D3 /* Products */ = {
			isa = PBXGroup;
			children = (
				8A38570F2514520F0094A3D3 /* H4X0R News XC12.app */,
			);
			name = Products;
			sourceTree = "<group>";
		};
		8A3857112514520F0094A3D3 /* H4X0R News XC12 */ = {
			isa = PBXGroup;
			children = (
				8A3857122514520F0094A3D3 /* H4X0R_News_XC12App.swift */,
				8A3857222514529D0094A3D3 /* Views */,
				8A385729251452D70094A3D3 /* Models */,
				8A385716251452110094A3D3 /* Assets.xcassets */,
				8A38571B251452110094A3D3 /* Info.plist */,
				8A385718251452110094A3D3 /* Preview Content */,
			);
			path = "H4X0R News XC12";
			sourceTree = "<group>";
		};
		8A385718251452110094A3D3 /* Preview Content */ = {
			isa = PBXGroup;
			children = (
				8A385719251452110094A3D3 /* Preview Assets.xcassets */,
			);
			path = "Preview Content";
			sourceTree = "<group>";
		};
		8A3857222514529D0094A3D3 /* Views */ = {
			isa = PBXGroup;
			children = (
				8A3857142514520F0094A3D3 /* ContentView.swift */,
				8A385725251452BF0094A3D3 /* DetailView.swift */,
				8A385724251452BF0094A3D3 /* WebView.swift */,
			);
			path = Views;
			sourceTree = "<group>";
		};
		8A385729251452D70094A3D3 /* Models */ = {
			isa = PBXGroup;
			children = (
				8A38572B251452EC0094A3D3 /* NetworkManager.swift */,
				8A38572A251452EC0094A3D3 /* PostData.swift */,
			);
			path = Models;
			sourceTree = "<group>";
		};
/* End PBXGroup section */

/* Begin PBXNativeTarget section */
		8A38570E2514520F0094A3D3 /* H4X0R News XC12 */ = {
			isa = PBXNativeTarget;
			buildConfigurationList = 8A38571E251452110094A3D3 /* Build configuration list for PBXNativeTarget "H4X0R News XC12" */;
			buildPhases = (
				8A38570B2514520F0094A3D3 /* Sources */,
				8A38570C2514520F0094A3D3 /* Frameworks */,
				8A38570D2514520F0094A3D3 /* Resources */,
			);
			buildRules = (
			);
			dependencies = (
			);
			name = "H4X0R News XC12";
			productName = "H4X0R News XC12";
			productReference = 8A38570F2514520F0094A3D3 /* H4X0R News XC12.app */;
			productType = "com.apple.product-type.application";
		};
/* End PBXNativeTarget section */

/* Begin PBXProject section */
		8A3857072514520F0094A3D3 /* Project object */ = {
			isa = PBXProject;
			attributes = {
				LastSwiftUpdateCheck = 1200;
				LastUpgradeCheck = 1200;
				TargetAttributes = {
					8A38570E2514520F0094A3D3 = {
						CreatedOnToolsVersion = 12.0;
					};
				};
			};
			buildConfigurationList = 8A38570A2514520F0094A3D3 /* Build configuration list for PBXProject "H4X0R News XC12" */;
			compatibilityVersion = "Xcode 9.3";
			developmentRegion = en;
			hasScannedForEncodings = 0;
			knownRegions = (
				en,
				Base,
			);
			mainGroup = 8A3857062514520F0094A3D3;
			productRefGroup = 8A3857102514520F0094A3D3 /* Products */;
			projectDirPath = "";
			projectRoot = "";
			targets = (
				8A38570E2514520F0094A3D3 /* H4X0R News XC12 */,
			);
		};
/* End PBXProject section */

/* Begin PBXResourcesBuildPhase section */
		8A38570D2514520F0094A3D3 /* Resources */ = {
			isa = PBXResourcesBuildPhase;
			buildActionMask = 2147483647;
			files = (
				8A38571A251452110094A3D3 /* Preview Assets.xcassets in Resources */,
				8A385717251452110094A3D3 /* Assets.xcassets in Resources */,
			);
			runOnlyForDeploymentPostprocessing = 0;
		};
/* End PBXResourcesBuildPhase section */

/* Begin PBXSourcesBuildPhase section */
		8A38570B2514520F0094A3D3 /* Sources */ = {
			isa = PBXSourcesBuildPhase;
			buildActionMask = 2147483647;
			files = (
				8A38572D251452EC0094A3D3 /* NetworkManager.swift in Sources */,
				8A38572C251452EC0094A3D3 /* PostData.swift in Sources */,
				8A385726251452BF0094A3D3 /* WebView.swift in Sources */,
				8A385727251452BF0094A3D3 /* DetailView.swift in Sources */,
				8A3857152514520F0094A3D3 /* ContentView.swift in Sources */,
				8A3857132514520F0094A3D3 /* H4X0R_News_XC12App.swift in Sources */,
			);
			runOnlyForDeploymentPostprocessing = 0;
		};
/* End PBXSourcesBuildPhase section */

/* Begin XCBuildConfiguration section */
		8A38571C251452110094A3D3 /* Debug */ = {
			isa = XCBuildConfiguration;
			buildSettings = {
				ALWAYS_SEARCH_USER_PATHS = NO;
				CLANG_ANALYZER_NONNULL = YES;
				CLANG_ANALYZER_NUMBER_OBJECT_CONVERSION = YES_AGGRESSIVE;
				CLANG_CXX_LANGUAGE_STANDARD = "gnu++14";
				CLANG_CXX_LIBRARY = "libc++";
				CLANG_ENABLE_MODULES = YES;
				CLANG_ENABLE_OBJC_ARC = YES;
				CLANG_ENABLE_OBJC_WEAK = YES;
				CLANG_WARN_BLOCK_CAPTURE_AUTORELEASING = YES;
				CLANG_WARN_BOOL_CONVERSION = YES;
				CLANG_WARN_COMMA = YES;
				CLANG_WARN_CONSTANT_CONVERSION = YES;
				CLANG_WARN_DEPRECATED_OBJC_IMPLEMENTATIONS = YES;
				CLANG_WARN_DIRECT_OBJC_ISA_USAGE = YES_ERROR;
				CLANG_WARN_DOCUMENTATION_COMMENTS = YES;
				CLANG_WARN_EMPTY_BODY = YES;
				CLANG_WARN_ENUM_CONVERSION = YES;
				CLANG_WARN_INFINITE_RECURSION = YES;
				CLANG_WARN_INT_CONVERSION = YES;
				CLANG_WARN_NON_LITERAL_NULL_CONVERSION = YES;
				CLANG_WARN_OBJC_IMPLICIT_RETAIN_SELF = YES;
				CLANG_WARN_OBJC_LITERAL_CONVERSION = YES;
				CLANG_WARN_OBJC_ROOT_CLASS = YES_ERROR;
				CLANG_WARN_QUOTED_INCLUDE_IN_FRAMEWORK_HEADER = YES;
				CLANG_WARN_RANGE_LOOP_ANALYSIS = YES;
				CLANG_WARN_STRICT_PROTOTYPES = YES;
				CLANG_WARN_SUSPICIOUS_MOVE = YES;
				CLANG_WARN_UNGUARDED_AVAILABILITY = YES_AGGRESSIVE;
				CLANG_WARN_UNREACHABLE_CODE = YES;
				CLANG_WARN__DUPLICATE_METHOD_MATCH = YES;
				COPY_PHASE_STRIP = NO;
				DEBUG_INFORMATION_FORMAT = dwarf;
				ENABLE_STRICT_OBJC_MSGSEND = YES;
				ENABLE_TESTABILITY = YES;
				GCC_C_LANGUAGE_STANDARD = gnu11;
				GCC_DYNAMIC_NO_PIC = NO;
				GCC_NO_COMMON_BLOCKS = YES;
				GCC_OPTIMIZATION_LEVEL = 0;
				GCC_PREPROCESSOR_DEFINITIONS = (
					"DEBUG=1",
					"$(inherited)",
				);
				GCC_WARN_64_TO_32_BIT_CONVERSION = YES;
				GCC_WARN_ABOUT_RETURN_TYPE = YES_ERROR;
				GCC_WARN_UNDECLARED_SELECTOR = YES;
				GCC_WARN_UNINITIALIZED_AUTOS = YES_AGGRESSIVE;
				GCC_WARN_UNUSED_FUNCTION = YES;
				GCC_WARN_UNUSED_VARIABLE = YES;
				IPHONEOS_DEPLOYMENT_TARGET = 14.0;
				MTL_ENABLE_DEBUG_INFO = INCLUDE_SOURCE;
				MTL_FAST_MATH = YES;
				ONLY_ACTIVE_ARCH = YES;
				SDKROOT = iphoneos;
				SWIFT_ACTIVE_COMPILATION_CONDITIONS = DEBUG;
				SWIFT_OPTIMIZATION_LEVEL = "-Onone";
			};
			name = Debug;
		};
		8A38571D251452110094A3D3 /* Release */ = {
			isa = XCBuildConfiguration;
			buildSettings = {
				ALWAYS_SEARCH_USER_PATHS = NO;
				CLANG_ANALYZER_NONNULL = YES;
				CLANG_ANALYZER_NUMBER_OBJECT_CONVERSION = YES_AGGRESSIVE;
				CLANG_CXX_LANGUAGE_STANDARD = "gnu++14";
				CLANG_CXX_LIBRARY = "libc++";
				CLANG_ENABLE_MODULES = YES;
				CLANG_ENABLE_OBJC_ARC = YES;
				CLANG_ENABLE_OBJC_WEAK = YES;
				CLANG_WARN_BLOCK_CAPTURE_AUTORELEASING = YES;
				CLANG_WARN_BOOL_CONVERSION = YES;
				CLANG_WARN_COMMA = YES;
				CLANG_WARN_CONSTANT_CONVERSION = YES;
				CLANG_WARN_DEPRECATED_OBJC_IMPLEMENTATIONS = YES;
				CLANG_WARN_DIRECT_OBJC_ISA_USAGE = YES_ERROR;
				CLANG_WARN_DOCUMENTATION_COMMENTS = YES;
				CLANG_WARN_EMPTY_BODY = YES;
				CLANG_WARN_ENUM_CONVERSION = YES;
				CLANG_WARN_INFINITE_RECURSION = YES;
				CLANG_WARN_INT_CONVERSION = YES;
				CLANG_WARN_NON_LITERAL_NULL_CONVERSION = YES;
				CLANG_WARN_OBJC_IMPLICIT_RETAIN_SELF = YES;
				CLANG_WARN_OBJC_LITERAL_CONVERSION = YES;
				CLANG_WARN_OBJC_ROOT_CLASS = YES_ERROR;
				CLANG_WARN_QUOTED_INCLUDE_IN_FRAMEWORK_HEADER = YES;
				CLANG_WARN_RANGE_LOOP_ANALYSIS = YES;
				CLANG_WARN_STRICT_PROTOTYPES = YES;
				CLANG_WARN_SUSPICIOUS_MOVE = YES;
				CLANG_WARN_UNGUARDED_AVAILABILITY = YES_AGGRESSIVE;
				CLANG_WARN_UNREACHABLE_CODE = YES;
				CLANG_WARN__DUPLICATE_METHOD_MATCH = YES;
				COPY_PHASE_STRIP = NO;
				DEBUG_INFORMATION_FORMAT = "dwarf-with-dsym";
				ENABLE_NS_ASSERTIONS = NO;
				ENABLE_STRICT_OBJC_MSGSEND = YES;
				GCC_C_LANGUAGE_STANDARD = gnu11;
				GCC_NO_COMMON_BLOCKS = YES;
				GCC_WARN_64_TO_32_BIT_CONVERSION = YES;
				GCC_WARN_ABOUT_RETURN_TYPE = YES_ERROR;
				GCC_WARN_UNDECLARED_SELECTOR = YES;
				GCC_WARN_UNINITIALIZED_AUTOS = YES_AGGRESSIVE;
				GCC_WARN_UNUSED_FUNCTION = YES;
				GCC_WARN_UNUSED_VARIABLE = YES;
				IPHONEOS_DEPLOYMENT_TARGET = 14.0;
				MTL_ENABLE_DEBUG_INFO = NO;
				MTL_FAST_MATH = YES;
				SDKROOT = iphoneos;
				SWIFT_COMPILATION_MODE = wholemodule;
				SWIFT_OPTIMIZATION_LEVEL = "-O";
				VALIDATE_PRODUCT = YES;
			};
			name = Release;
		};
		8A38571F251452110094A3D3 /* Debug */ = {
			isa = XCBuildConfiguration;
			buildSettings = {
				ASSETCATALOG_COMPILER_APPICON_NAME = AppIcon;
				ASSETCATALOG_COMPILER_GLOBAL_ACCENT_COLOR_NAME = AccentColor;
				CODE_SIGN_STYLE = Automatic;
				DEVELOPMENT_ASSET_PATHS = "\"H4X0R News XC12/Preview Content\"";
				ENABLE_PREVIEWS = YES;
				INFOPLIST_FILE = "H4X0R News XC12/Info.plist";
				IPHONEOS_DEPLOYMENT_TARGET = 14.0;
				LD_RUNPATH_SEARCH_PATHS = (
					"$(inherited)",
					"@executable_path/Frameworks",
				);
				PRODUCT_BUNDLE_IDENTIFIER = "io.winsiri.H4X0R-News-XC12";
				PRODUCT_NAME = "$(TARGET_NAME)";
				SWIFT_VERSION = 5.0;
				TARGETED_DEVICE_FAMILY = "1,2";
			};
			name = Debug;
		};
		8A385720251452110094A3D3 /* Release */ = {
			isa = XCBuildConfiguration;
			buildSettings = {
				ASSETCATALOG_COMPILER_APPICON_NAME = AppIcon;
				ASSETCATALOG_COMPILER_GLOBAL_ACCENT_COLOR_NAME = AccentColor;
				CODE_SIGN_STYLE = Automatic;
				DEVELOPMENT_ASSET_PATHS = "\"H4X0R News XC12/Preview Content\"";
				ENABLE_PREVIEWS = YES;
				INFOPLIST_FILE = "H4X0R News XC12/Info.plist";
				IPHONEOS_DEPLOYMENT_TARGET = 14.0;
				LD_RUNPATH_SEARCH_PATHS = (
					"$(inherited)",
					"@executable_path/Frameworks",
				);
				PRODUCT_BUNDLE_IDENTIFIER = "io.winsiri.H4X0R-News-XC12";
				PRODUCT_NAME = "$(TARGET_NAME)";
				SWIFT_VERSION = 5.0;
				TARGETED_DEVICE_FAMILY = "1,2";
			};
			name = Release;
		};
/* End XCBuildConfiguration section */

/* Begin XCConfigurationList section */
		8A38570A2514520F0094A3D3 /* Build configuration list for PBXProject "H4X0R News XC12" */ = {
			isa = XCConfigurationList;
			buildConfigurations = (
				8A38571C251452110094A3D3 /* Debug */,
				8A38571D251452110094A3D3 /* Release */,
			);
			defaultConfigurationIsVisible = 0;
			defaultConfigurationName = Release;
		};
		8A38571E251452110094A3D3 /* Build configuration list for PBXNativeTarget "H4X0R News XC12" */ = {
			isa = XCConfigurationList;
			buildConfigurations = (
				8A38571F251452110094A3D3 /* Debug */,
				8A385720251452110094A3D3 /* Release */,
			);
			defaultConfigurationIsVisible = 0;
			defaultConfigurationName = Release;
		};
/* End XCConfigurationList section */
	};
	rootObject = 8A3857072514520F0094A3D3 /* Project object */;
}
